
Microsoft Visual Studio Solution File, Format Version 12.00
# Visual Studio Version 16
VisualStudioVersion = 16.0.32002.261
MinimumVisualStudioVersion = 10.0.40219.1
Project("{8BC9CEB8-8B4A-11D0-8D11-00A0C91BC942}") = "MyProject1", "MyProject1.vcxproj", "{BCFB91D7-FA5A-4B31-933B-542AA5889239}"
EndProject
Global
	GlobalSection(SolutionConfigurationPlatforms) = preSolution
		Debug|x64 = Debug|x64
		Debug|x86 = Debug|x86
		Release|x64 = Release|x64
		Release|x86 = Release|x86
	EndGlobalSection
	GlobalSection(ProjectConfigurationPlatforms) = postSolution
		{BCFB91D7-FA5A-4B31-933B-542AA5889239}.Debug|x64.ActiveCfg = Debug|x64
		{BCFB91D7-FA5A-4B31-933B-542AA5889239}.Debug|x64.Build.0 = Debug|x64
		{BCFB91D7-FA5A-4B31-933B-542AA5889239}.Debug|x86.ActiveCfg = Debug|Win32
		{BCFB91D7-FA5A-4B31-933B-542AA5889239}.Debug|x86.Build.0 = Debug|Win32
		{BCFB91D7-FA5A-4B31-933B-542AA5889239}.Release|x64.ActiveCfg = Release|x64
		{BCFB91D7-FA5A-4B31-933B-542AA5889239}.Release|x64.Build.0 = Release|x64
		{BCFB91D7-FA5A-4B31-933B-542AA5889239}.Release|x86.ActiveCfg = Release|Win32
		{BCFB91D7-FA5A-4B31-933B-542AA5889239}.Release|x86.Build.0 = Release|Win32
	EndGlobalSection
	GlobalSection(SolutionProperties) = preSolution
		HideSolutionNode = FALSE
	EndGlobalSection
	GlobalSection(ExtensibilityGlobals) = postSolution
		SolutionGuid = {5F9CA27F-8BA1-4E61-B3B3-C2E4CA1F3994}
	EndGlobalSection
EndGlobal
