
Microsoft Visual Studio Solution File, Format Version 12.00
# Visual Studio Version 16
VisualStudioVersion = 16.0.32002.261
MinimumVisualStudioVersion = 10.0.40219.1
Project("{8BC9CEB8-8B4A-11D0-8D11-00A0C91BC942}") = "Project1", "Project1.vcxproj", "{632DB1B3-F8FD-4313-BCC8-5977FBC6DD4C}"
EndProject
Global
	GlobalSection(SolutionConfigurationPlatforms) = preSolution
		Debug|x64 = Debug|x64
		Debug|x86 = Debug|x86
		Release|x64 = Release|x64
		Release|x86 = Release|x86
	EndGlobalSection
	GlobalSection(ProjectConfigurationPlatforms) = postSolution
		{632DB1B3-F8FD-4313-BCC8-5977FBC6DD4C}.Debug|x64.ActiveCfg = Debug|x64
		{632DB1B3-F8FD-4313-BCC8-5977FBC6DD4C}.Debug|x64.Build.0 = Debug|x64
		{632DB1B3-F8FD-4313-BCC8-5977FBC6DD4C}.Debug|x86.ActiveCfg = Debug|Win32
		{632DB1B3-F8FD-4313-BCC8-5977FBC6DD4C}.Debug|x86.Build.0 = Debug|Win32
		{632DB1B3-F8FD-4313-BCC8-5977FBC6DD4C}.Release|x64.ActiveCfg = Release|x64
		{632DB1B3-F8FD-4313-BCC8-5977FBC6DD4C}.Release|x64.Build.0 = Release|x64
		{632DB1B3-F8FD-4313-BCC8-5977FBC6DD4C}.Release|x86.ActiveCfg = Release|Win32
		{632DB1B3-F8FD-4313-BCC8-5977FBC6DD4C}.Release|x86.Build.0 = Release|Win32
	EndGlobalSection
	GlobalSection(SolutionProperties) = preSolution
		HideSolutionNode = FALSE
	EndGlobalSection
	GlobalSection(ExtensibilityGlobals) = postSolution
		SolutionGuid = {19243701-877C-4CA9-9EA5-98956B94923A}
	EndGlobalSection
EndGlobal
