
Microsoft Visual Studio Solution File, Format Version 12.00
# Visual Studio Version 16
VisualStudioVersion = 16.0.32002.261
MinimumVisualStudioVersion = 10.0.40219.1
Project("{8BC9CEB8-8B4A-11D0-8D11-00A0C91BC942}") = "Client", "Client.vcxproj", "{72BCB797-102F-4959-9589-7A6057744336}"
EndProject
Global
	GlobalSection(SolutionConfigurationPlatforms) = preSolution
		Debug|x64 = Debug|x64
		Debug|x86 = Debug|x86
		Release|x64 = Release|x64
		Release|x86 = Release|x86
	EndGlobalSection
	GlobalSection(ProjectConfigurationPlatforms) = postSolution
		{72BCB797-102F-4959-9589-7A6057744336}.Debug|x64.ActiveCfg = Debug|x64
		{72BCB797-102F-4959-9589-7A6057744336}.Debug|x64.Build.0 = Debug|x64
		{72BCB797-102F-4959-9589-7A6057744336}.Debug|x86.ActiveCfg = Debug|Win32
		{72BCB797-102F-4959-9589-7A6057744336}.Debug|x86.Build.0 = Debug|Win32
		{72BCB797-102F-4959-9589-7A6057744336}.Release|x64.ActiveCfg = Release|x64
		{72BCB797-102F-4959-9589-7A6057744336}.Release|x64.Build.0 = Release|x64
		{72BCB797-102F-4959-9589-7A6057744336}.Release|x86.ActiveCfg = Release|Win32
		{72BCB797-102F-4959-9589-7A6057744336}.Release|x86.Build.0 = Release|Win32
	EndGlobalSection
	GlobalSection(SolutionProperties) = preSolution
		HideSolutionNode = FALSE
	EndGlobalSection
	GlobalSection(ExtensibilityGlobals) = postSolution
		SolutionGuid = {DD304A97-6320-4C35-9B39-94F3CDF66311}
	EndGlobalSection
EndGlobal
